github.com/sgryczan/go.strava v0.0.0-20220923204738-6a3c955bbb3a h1:dGtrlzExMh6lw1dBBTpLKcTTAnfAXd7S+Rp5JDcG558=
github.com/sgryczan/go.strava v0.0.0-20220923204738-6a3c955bbb3a/go.mod h1:h54a71cmtMqnevtbqd2mOCKcpPH1IblKPum34HQxT2M=
github.com/sgryczan/go.strava v0.0.0-20220923211949-70d6728e179f h1:SANlVVVFMpkd5VSPcZWQZ/yxYgyi7mki4Xr8INEI6Js=
github.com/sgryczan/go.strava v0.0.0-20220923211949-70d6728e179f/go.mod h1:h54a71cmtMqnevtbqd2mOCKcpPH1IblKPum34HQxT2M=
github.com/sgryczan/go.strava v0.0.0-20220923215512-c1dbd81cfa67 h1:JV1wn6oz/JxLhmYawX1c60i54bVLVIpaXmH+5+RPxlQ=
github.com/sgryczan/go.strava v0.0.0-20220923215512-c1dbd81cfa67/go.mod h1:h54a71cmtMqnevtbqd2mOCKcpPH1IblKPum34HQxT2M=
